
Microsoft Visual Studio Solution File, Format Version 12.00
# Visual Studio 15
VisualStudioVersion = 15.0.26124.0
MinimumVisualStudioVersion = 15.0.26124.0
Project("{9A19103F-16F7-4668-BE54-9A1E7A4F7556}") = "Training_1", "Training_1\Training_1.csproj", "{BA8A5E79-E17E-4C3D-9114-BA60B6C78E9A}"
EndProject
Project("{9A19103F-16F7-4668-BE54-9A1E7A4F7556}") = "Training_1_Tests", "Training_1_Tests\Training_1_Tests.csproj", "{7307CAD2-83CA-462F-8E89-6D77A5EA463A}"
EndProject
Project("{9A19103F-16F7-4668-BE54-9A1E7A4F7556}") = "Training_2", "Training_2\Training_2.csproj", "{0CAB7BFF-EA38-4D69-9614-EBC719A5C65C}"
EndProject
Project("{9A19103F-16F7-4668-BE54-9A1E7A4F7556}") = "Training_2_Tests", "Training_2_Tests\Training_2_Tests.csproj", "{67D7550A-5798-4D90-8BB6-200641A5B0AE}"
EndProject
Project("{9A19103F-16F7-4668-BE54-9A1E7A4F7556}") = "TaskRunner", "TaskRunner\TaskRunner.csproj", "{557C11E9-143F-408E-BC97-67A59260C9D5}"
EndProject
Global
	GlobalSection(SolutionConfigurationPlatforms) = preSolution
		Debug|Any CPU = Debug|Any CPU
		Debug|x64 = Debug|x64
		Debug|x86 = Debug|x86
		Release|Any CPU = Release|Any CPU
		Release|x64 = Release|x64
		Release|x86 = Release|x86
	EndGlobalSection
	GlobalSection(ProjectConfigurationPlatforms) = postSolution
		{BA8A5E79-E17E-4C3D-9114-BA60B6C78E9A}.Debug|Any CPU.ActiveCfg = Debug|Any CPU
		{BA8A5E79-E17E-4C3D-9114-BA60B6C78E9A}.Debug|Any CPU.Build.0 = Debug|Any CPU
		{BA8A5E79-E17E-4C3D-9114-BA60B6C78E9A}.Debug|x64.ActiveCfg = Debug|Any CPU
		{BA8A5E79-E17E-4C3D-9114-BA60B6C78E9A}.Debug|x64.Build.0 = Debug|Any CPU
		{BA8A5E79-E17E-4C3D-9114-BA60B6C78E9A}.Debug|x86.ActiveCfg = Debug|Any CPU
		{BA8A5E79-E17E-4C3D-9114-BA60B6C78E9A}.Debug|x86.Build.0 = Debug|Any CPU
		{BA8A5E79-E17E-4C3D-9114-BA60B6C78E9A}.Release|Any CPU.ActiveCfg = Release|Any CPU
		{BA8A5E79-E17E-4C3D-9114-BA60B6C78E9A}.Release|Any CPU.Build.0 = Release|Any CPU
		{BA8A5E79-E17E-4C3D-9114-BA60B6C78E9A}.Release|x64.ActiveCfg = Release|Any CPU
		{BA8A5E79-E17E-4C3D-9114-BA60B6C78E9A}.Release|x64.Build.0 = Release|Any CPU
		{BA8A5E79-E17E-4C3D-9114-BA60B6C78E9A}.Release|x86.ActiveCfg = Release|Any CPU
		{BA8A5E79-E17E-4C3D-9114-BA60B6C78E9A}.Release|x86.Build.0 = Release|Any CPU
		{7307CAD2-83CA-462F-8E89-6D77A5EA463A}.Debug|Any CPU.ActiveCfg = Debug|Any CPU
		{7307CAD2-83CA-462F-8E89-6D77A5EA463A}.Debug|Any CPU.Build.0 = Debug|Any CPU
		{7307CAD2-83CA-462F-8E89-6D77A5EA463A}.Debug|x64.ActiveCfg = Debug|Any CPU
		{7307CAD2-83CA-462F-8E89-6D77A5EA463A}.Debug|x64.Build.0 = Debug|Any CPU
		{7307CAD2-83CA-462F-8E89-6D77A5EA463A}.Debug|x86.ActiveCfg = Debug|Any CPU
		{7307CAD2-83CA-462F-8E89-6D77A5EA463A}.Debug|x86.Build.0 = Debug|Any CPU
		{7307CAD2-83CA-462F-8E89-6D77A5EA463A}.Release|Any CPU.ActiveCfg = Release|Any CPU
		{7307CAD2-83CA-462F-8E89-6D77A5EA463A}.Release|Any CPU.Build.0 = Release|Any CPU
		{7307CAD2-83CA-462F-8E89-6D77A5EA463A}.Release|x64.ActiveCfg = Release|Any CPU
		{7307CAD2-83CA-462F-8E89-6D77A5EA463A}.Release|x64.Build.0 = Release|Any CPU
		{7307CAD2-83CA-462F-8E89-6D77A5EA463A}.Release|x86.ActiveCfg = Release|Any CPU
		{7307CAD2-83CA-462F-8E89-6D77A5EA463A}.Release|x86.Build.0 = Release|Any CPU
		{0CAB7BFF-EA38-4D69-9614-EBC719A5C65C}.Debug|Any CPU.ActiveCfg = Debug|Any CPU
		{0CAB7BFF-EA38-4D69-9614-EBC719A5C65C}.Debug|Any CPU.Build.0 = Debug|Any CPU
		{0CAB7BFF-EA38-4D69-9614-EBC719A5C65C}.Debug|x64.ActiveCfg = Debug|Any CPU
		{0CAB7BFF-EA38-4D69-9614-EBC719A5C65C}.Debug|x64.Build.0 = Debug|Any CPU
		{0CAB7BFF-EA38-4D69-9614-EBC719A5C65C}.Debug|x86.ActiveCfg = Debug|Any CPU
		{0CAB7BFF-EA38-4D69-9614-EBC719A5C65C}.Debug|x86.Build.0 = Debug|Any CPU
		{0CAB7BFF-EA38-4D69-9614-EBC719A5C65C}.Release|Any CPU.ActiveCfg = Release|Any CPU
		{0CAB7BFF-EA38-4D69-9614-EBC719A5C65C}.Release|Any CPU.Build.0 = Release|Any CPU
		{0CAB7BFF-EA38-4D69-9614-EBC719A5C65C}.Release|x64.ActiveCfg = Release|Any CPU
		{0CAB7BFF-EA38-4D69-9614-EBC719A5C65C}.Release|x64.Build.0 = Release|Any CPU
		{0CAB7BFF-EA38-4D69-9614-EBC719A5C65C}.Release|x86.ActiveCfg = Release|Any CPU
		{0CAB7BFF-EA38-4D69-9614-EBC719A5C65C}.Release|x86.Build.0 = Release|Any CPU
		{67D7550A-5798-4D90-8BB6-200641A5B0AE}.Debug|Any CPU.ActiveCfg = Debug|Any CPU
		{67D7550A-5798-4D90-8BB6-200641A5B0AE}.Debug|Any CPU.Build.0 = Debug|Any CPU
		{67D7550A-5798-4D90-8BB6-200641A5B0AE}.Debug|x64.ActiveCfg = Debug|Any CPU
		{67D7550A-5798-4D90-8BB6-200641A5B0AE}.Debug|x64.Build.0 = Debug|Any CPU
		{67D7550A-5798-4D90-8BB6-200641A5B0AE}.Debug|x86.ActiveCfg = Debug|Any CPU
		{67D7550A-5798-4D90-8BB6-200641A5B0AE}.Debug|x86.Build.0 = Debug|Any CPU
		{67D7550A-5798-4D90-8BB6-200641A5B0AE}.Release|Any CPU.ActiveCfg = Release|Any CPU
		{67D7550A-5798-4D90-8BB6-200641A5B0AE}.Release|Any CPU.Build.0 = Release|Any CPU
		{67D7550A-5798-4D90-8BB6-200641A5B0AE}.Release|x64.ActiveCfg = Release|Any CPU
		{67D7550A-5798-4D90-8BB6-200641A5B0AE}.Release|x64.Build.0 = Release|Any CPU
		{67D7550A-5798-4D90-8BB6-200641A5B0AE}.Release|x86.ActiveCfg = Release|Any CPU
		{67D7550A-5798-4D90-8BB6-200641A5B0AE}.Release|x86.Build.0 = Release|Any CPU
		{557C11E9-143F-408E-BC97-67A59260C9D5}.Debug|Any CPU.ActiveCfg = Debug|Any CPU
		{557C11E9-143F-408E-BC97-67A59260C9D5}.Debug|Any CPU.Build.0 = Debug|Any CPU
		{557C11E9-143F-408E-BC97-67A59260C9D5}.Debug|x64.ActiveCfg = Debug|Any CPU
		{557C11E9-143F-408E-BC97-67A59260C9D5}.Debug|x64.Build.0 = Debug|Any CPU
		{557C11E9-143F-408E-BC97-67A59260C9D5}.Debug|x86.ActiveCfg = Debug|Any CPU
		{557C11E9-143F-408E-BC97-67A59260C9D5}.Debug|x86.Build.0 = Debug|Any CPU
		{557C11E9-143F-408E-BC97-67A59260C9D5}.Release|Any CPU.ActiveCfg = Release|Any CPU
		{557C11E9-143F-408E-BC97-67A59260C9D5}.Release|Any CPU.Build.0 = Release|Any CPU
		{557C11E9-143F-408E-BC97-67A59260C9D5}.Release|x64.ActiveCfg = Release|Any CPU
		{557C11E9-143F-408E-BC97-67A59260C9D5}.Release|x64.Build.0 = Release|Any CPU
		{557C11E9-143F-408E-BC97-67A59260C9D5}.Release|x86.ActiveCfg = Release|Any CPU
		{557C11E9-143F-408E-BC97-67A59260C9D5}.Release|x86.Build.0 = Release|Any CPU
	EndGlobalSection
	GlobalSection(SolutionProperties) = preSolution
		HideSolutionNode = FALSE
	EndGlobalSection
	GlobalSection(ExtensibilityGlobals) = postSolution
		SolutionGuid = {542ECFF9-7DCD-4762-A3A6-E902FD722EF6}
	EndGlobalSection
EndGlobal
