
Microsoft Visual Studio Solution File, Format Version 12.00
# Visual Studio 15
VisualStudioVersion = 15.0.26124.0
MinimumVisualStudioVersion = 15.0.26124.0
Project("{9A19103F-16F7-4668-BE54-9A1E7A4F7556}") = "Training_1", "Training_1\Training_1.csproj", "{0211B320-BD9C-41B4-A202-BEDE3BEF4885}"
EndProject
Project("{9A19103F-16F7-4668-BE54-9A1E7A4F7556}") = "Training_1_Tests", "Training_1_Tests\Training_1_Tests.csproj", "{A5DE5B13-0EB2-4533-988A-D9B36B560731}"
EndProject
Global
	GlobalSection(SolutionConfigurationPlatforms) = preSolution
		Debug|Any CPU = Debug|Any CPU
		Debug|x64 = Debug|x64
		Debug|x86 = Debug|x86
		Release|Any CPU = Release|Any CPU
		Release|x64 = Release|x64
		Release|x86 = Release|x86
	EndGlobalSection
	GlobalSection(ProjectConfigurationPlatforms) = postSolution
		{0211B320-BD9C-41B4-A202-BEDE3BEF4885}.Debug|Any CPU.ActiveCfg = Debug|Any CPU
		{0211B320-BD9C-41B4-A202-BEDE3BEF4885}.Debug|Any CPU.Build.0 = Debug|Any CPU
		{0211B320-BD9C-41B4-A202-BEDE3BEF4885}.Debug|x64.ActiveCfg = Debug|Any CPU
		{0211B320-BD9C-41B4-A202-BEDE3BEF4885}.Debug|x64.Build.0 = Debug|Any CPU
		{0211B320-BD9C-41B4-A202-BEDE3BEF4885}.Debug|x86.ActiveCfg = Debug|Any CPU
		{0211B320-BD9C-41B4-A202-BEDE3BEF4885}.Debug|x86.Build.0 = Debug|Any CPU
		{0211B320-BD9C-41B4-A202-BEDE3BEF4885}.Release|Any CPU.ActiveCfg = Release|Any CPU
		{0211B320-BD9C-41B4-A202-BEDE3BEF4885}.Release|Any CPU.Build.0 = Release|Any CPU
		{0211B320-BD9C-41B4-A202-BEDE3BEF4885}.Release|x64.ActiveCfg = Release|Any CPU
		{0211B320-BD9C-41B4-A202-BEDE3BEF4885}.Release|x64.Build.0 = Release|Any CPU
		{0211B320-BD9C-41B4-A202-BEDE3BEF4885}.Release|x86.ActiveCfg = Release|Any CPU
		{0211B320-BD9C-41B4-A202-BEDE3BEF4885}.Release|x86.Build.0 = Release|Any CPU
		{A5DE5B13-0EB2-4533-988A-D9B36B560731}.Debug|Any CPU.ActiveCfg = Debug|Any CPU
		{A5DE5B13-0EB2-4533-988A-D9B36B560731}.Debug|Any CPU.Build.0 = Debug|Any CPU
		{A5DE5B13-0EB2-4533-988A-D9B36B560731}.Debug|x64.ActiveCfg = Debug|Any CPU
		{A5DE5B13-0EB2-4533-988A-D9B36B560731}.Debug|x64.Build.0 = Debug|Any CPU
		{A5DE5B13-0EB2-4533-988A-D9B36B560731}.Debug|x86.ActiveCfg = Debug|Any CPU
		{A5DE5B13-0EB2-4533-988A-D9B36B560731}.Debug|x86.Build.0 = Debug|Any CPU
		{A5DE5B13-0EB2-4533-988A-D9B36B560731}.Release|Any CPU.ActiveCfg = Release|Any CPU
		{A5DE5B13-0EB2-4533-988A-D9B36B560731}.Release|Any CPU.Build.0 = Release|Any CPU
		{A5DE5B13-0EB2-4533-988A-D9B36B560731}.Release|x64.ActiveCfg = Release|Any CPU
		{A5DE5B13-0EB2-4533-988A-D9B36B560731}.Release|x64.Build.0 = Release|Any CPU
		{A5DE5B13-0EB2-4533-988A-D9B36B560731}.Release|x86.ActiveCfg = Release|Any CPU
		{A5DE5B13-0EB2-4533-988A-D9B36B560731}.Release|x86.Build.0 = Release|Any CPU
	EndGlobalSection
	GlobalSection(SolutionProperties) = preSolution
		HideSolutionNode = FALSE
	EndGlobalSection
	GlobalSection(ExtensibilityGlobals) = postSolution
		SolutionGuid = {87634425-AB54-4A87-ABC1-E04302CB1F43}
	EndGlobalSection
EndGlobal
